
Microsoft Visual Studio Solution File, Format Version 12.00
# Visual Studio Version 16
VisualStudioVersion = 16.0.30717.126
MinimumVisualStudioVersion = 10.0.40219.1
Project("{8BC9CEB8-8B4A-11D0-8D11-00A0C91BC942}") = "AssemblerLab2", "AssemblerLab2\AssemblerLab2.vcxproj", "{23E37065-E5DC-476D-B4D7-0E13F858015F}"
EndProject
Project("{8BC9CEB8-8B4A-11D0-8D11-00A0C91BC942}") = "AssemblerLab1.2", "AssemblerLab1.2\AssemblerLab1.2.vcxproj", "{F5D91763-A0E1-4EEA-A894-BC6868F27EE1}"
EndProject
Project("{8BC9CEB8-8B4A-11D0-8D11-00A0C91BC942}") = "AssemblerLab3", "AssemblerLab3\AssemblerLab3.vcxproj", "{5C344B66-1B58-4454-B101-66C508CF5169}"
EndProject
Project("{8BC9CEB8-8B4A-11D0-8D11-00A0C91BC942}") = "AssemblerLab1.1", "AssemblerLab1.1\AssemblerLab1.1.vcxproj", "{144A7761-EB7F-4352-A807-C0694C7E06A2}"
EndProject
Project("{8BC9CEB8-8B4A-11D0-8D11-00A0C91BC942}") = "AssemblerLab4.2", "AssemblerLab4.2\AssemblerLab4.2.vcxproj", "{7DE3DC9F-1EEA-4616-9F6B-A38AC9D647C5}"
EndProject
Project("{8BC9CEB8-8B4A-11D0-8D11-00A0C91BC942}") = "AssemblerLab4.1", "AssemblerLab4.1\AssemblerLab4.1.vcxproj", "{08B09C23-9918-470B-86F1-79467D33DEF6}"
EndProject
Project("{8BC9CEB8-8B4A-11D0-8D11-00A0C91BC942}") = "AssemblerLab6", "AssemblerLab6\AssemblerLab6.vcxproj", "{0608816A-69CB-414D-B875-32B368C68E59}"
EndProject
Project("{8BC9CEB8-8B4A-11D0-8D11-00A0C91BC942}") = "AssemblerLab7.2", "AssemblerLab7.2\AssemblerLab7.2.vcxproj", "{61ABAD47-09F4-4047-A9C9-BE00844C861C}"
EndProject
Project("{8BC9CEB8-8B4A-11D0-8D11-00A0C91BC942}") = "AssemblerLab7.1", "AssemblerLab7.1\AssemblerLab7.1.vcxproj", "{8D7F22DD-4A28-46F9-9C83-A39E6333C6A0}"
EndProject
Global
	GlobalSection(SolutionConfigurationPlatforms) = preSolution
		Debug|x64 = Debug|x64
		Debug|x86 = Debug|x86
		Release|x64 = Release|x64
		Release|x86 = Release|x86
	EndGlobalSection
	GlobalSection(ProjectConfigurationPlatforms) = postSolution
		{23E37065-E5DC-476D-B4D7-0E13F858015F}.Debug|x64.ActiveCfg = Debug|x64
		{23E37065-E5DC-476D-B4D7-0E13F858015F}.Debug|x64.Build.0 = Debug|x64
		{23E37065-E5DC-476D-B4D7-0E13F858015F}.Debug|x86.ActiveCfg = Debug|Win32
		{23E37065-E5DC-476D-B4D7-0E13F858015F}.Debug|x86.Build.0 = Debug|Win32
		{23E37065-E5DC-476D-B4D7-0E13F858015F}.Release|x64.ActiveCfg = Release|x64
		{23E37065-E5DC-476D-B4D7-0E13F858015F}.Release|x64.Build.0 = Release|x64
		{23E37065-E5DC-476D-B4D7-0E13F858015F}.Release|x86.ActiveCfg = Release|Win32
		{23E37065-E5DC-476D-B4D7-0E13F858015F}.Release|x86.Build.0 = Release|Win32
		{F5D91763-A0E1-4EEA-A894-BC6868F27EE1}.Debug|x64.ActiveCfg = Debug|x64
		{F5D91763-A0E1-4EEA-A894-BC6868F27EE1}.Debug|x64.Build.0 = Debug|x64
		{F5D91763-A0E1-4EEA-A894-BC6868F27EE1}.Debug|x86.ActiveCfg = Debug|Win32
		{F5D91763-A0E1-4EEA-A894-BC6868F27EE1}.Debug|x86.Build.0 = Debug|Win32
		{F5D91763-A0E1-4EEA-A894-BC6868F27EE1}.Release|x64.ActiveCfg = Release|x64
		{F5D91763-A0E1-4EEA-A894-BC6868F27EE1}.Release|x64.Build.0 = Release|x64
		{F5D91763-A0E1-4EEA-A894-BC6868F27EE1}.Release|x86.ActiveCfg = Release|Win32
		{F5D91763-A0E1-4EEA-A894-BC6868F27EE1}.Release|x86.Build.0 = Release|Win32
		{5C344B66-1B58-4454-B101-66C508CF5169}.Debug|x64.ActiveCfg = Debug|x64
		{5C344B66-1B58-4454-B101-66C508CF5169}.Debug|x64.Build.0 = Debug|x64
		{5C344B66-1B58-4454-B101-66C508CF5169}.Debug|x86.ActiveCfg = Debug|Win32
		{5C344B66-1B58-4454-B101-66C508CF5169}.Debug|x86.Build.0 = Debug|Win32
		{5C344B66-1B58-4454-B101-66C508CF5169}.Release|x64.ActiveCfg = Release|x64
		{5C344B66-1B58-4454-B101-66C508CF5169}.Release|x64.Build.0 = Release|x64
		{5C344B66-1B58-4454-B101-66C508CF5169}.Release|x86.ActiveCfg = Release|Win32
		{5C344B66-1B58-4454-B101-66C508CF5169}.Release|x86.Build.0 = Release|Win32
		{144A7761-EB7F-4352-A807-C0694C7E06A2}.Debug|x64.ActiveCfg = Debug|x64
		{144A7761-EB7F-4352-A807-C0694C7E06A2}.Debug|x64.Build.0 = Debug|x64
		{144A7761-EB7F-4352-A807-C0694C7E06A2}.Debug|x86.ActiveCfg = Debug|Win32
		{144A7761-EB7F-4352-A807-C0694C7E06A2}.Debug|x86.Build.0 = Debug|Win32
		{144A7761-EB7F-4352-A807-C0694C7E06A2}.Release|x64.ActiveCfg = Release|x64
		{144A7761-EB7F-4352-A807-C0694C7E06A2}.Release|x64.Build.0 = Release|x64
		{144A7761-EB7F-4352-A807-C0694C7E06A2}.Release|x86.ActiveCfg = Release|Win32
		{144A7761-EB7F-4352-A807-C0694C7E06A2}.Release|x86.Build.0 = Release|Win32
		{7DE3DC9F-1EEA-4616-9F6B-A38AC9D647C5}.Debug|x64.ActiveCfg = Debug|x64
		{7DE3DC9F-1EEA-4616-9F6B-A38AC9D647C5}.Debug|x64.Build.0 = Debug|x64
		{7DE3DC9F-1EEA-4616-9F6B-A38AC9D647C5}.Debug|x86.ActiveCfg = Debug|Win32
		{7DE3DC9F-1EEA-4616-9F6B-A38AC9D647C5}.Debug|x86.Build.0 = Debug|Win32
		{7DE3DC9F-1EEA-4616-9F6B-A38AC9D647C5}.Release|x64.ActiveCfg = Release|x64
		{7DE3DC9F-1EEA-4616-9F6B-A38AC9D647C5}.Release|x64.Build.0 = Release|x64
		{7DE3DC9F-1EEA-4616-9F6B-A38AC9D647C5}.Release|x86.ActiveCfg = Release|Win32
		{7DE3DC9F-1EEA-4616-9F6B-A38AC9D647C5}.Release|x86.Build.0 = Release|Win32
		{08B09C23-9918-470B-86F1-79467D33DEF6}.Debug|x64.ActiveCfg = Debug|x64
		{08B09C23-9918-470B-86F1-79467D33DEF6}.Debug|x64.Build.0 = Debug|x64
		{08B09C23-9918-470B-86F1-79467D33DEF6}.Debug|x86.ActiveCfg = Debug|Win32
		{08B09C23-9918-470B-86F1-79467D33DEF6}.Debug|x86.Build.0 = Debug|Win32
		{08B09C23-9918-470B-86F1-79467D33DEF6}.Release|x64.ActiveCfg = Release|x64
		{08B09C23-9918-470B-86F1-79467D33DEF6}.Release|x64.Build.0 = Release|x64
		{08B09C23-9918-470B-86F1-79467D33DEF6}.Release|x86.ActiveCfg = Release|Win32
		{08B09C23-9918-470B-86F1-79467D33DEF6}.Release|x86.Build.0 = Release|Win32
		{0608816A-69CB-414D-B875-32B368C68E59}.Debug|x64.ActiveCfg = Debug|x64
		{0608816A-69CB-414D-B875-32B368C68E59}.Debug|x64.Build.0 = Debug|x64
		{0608816A-69CB-414D-B875-32B368C68E59}.Debug|x86.ActiveCfg = Debug|Win32
		{0608816A-69CB-414D-B875-32B368C68E59}.Debug|x86.Build.0 = Debug|Win32
		{0608816A-69CB-414D-B875-32B368C68E59}.Release|x64.ActiveCfg = Release|x64
		{0608816A-69CB-414D-B875-32B368C68E59}.Release|x64.Build.0 = Release|x64
		{0608816A-69CB-414D-B875-32B368C68E59}.Release|x86.ActiveCfg = Release|Win32
		{0608816A-69CB-414D-B875-32B368C68E59}.Release|x86.Build.0 = Release|Win32
		{61ABAD47-09F4-4047-A9C9-BE00844C861C}.Debug|x64.ActiveCfg = Debug|x64
		{61ABAD47-09F4-4047-A9C9-BE00844C861C}.Debug|x64.Build.0 = Debug|x64
		{61ABAD47-09F4-4047-A9C9-BE00844C861C}.Debug|x86.ActiveCfg = Debug|Win32
		{61ABAD47-09F4-4047-A9C9-BE00844C861C}.Debug|x86.Build.0 = Debug|Win32
		{61ABAD47-09F4-4047-A9C9-BE00844C861C}.Release|x64.ActiveCfg = Release|x64
		{61ABAD47-09F4-4047-A9C9-BE00844C861C}.Release|x64.Build.0 = Release|x64
		{61ABAD47-09F4-4047-A9C9-BE00844C861C}.Release|x86.ActiveCfg = Release|Win32
		{61ABAD47-09F4-4047-A9C9-BE00844C861C}.Release|x86.Build.0 = Release|Win32
		{8D7F22DD-4A28-46F9-9C83-A39E6333C6A0}.Debug|x64.ActiveCfg = Debug|x64
		{8D7F22DD-4A28-46F9-9C83-A39E6333C6A0}.Debug|x64.Build.0 = Debug|x64
		{8D7F22DD-4A28-46F9-9C83-A39E6333C6A0}.Debug|x86.ActiveCfg = Debug|Win32
		{8D7F22DD-4A28-46F9-9C83-A39E6333C6A0}.Debug|x86.Build.0 = Debug|Win32
		{8D7F22DD-4A28-46F9-9C83-A39E6333C6A0}.Release|x64.ActiveCfg = Release|x64
		{8D7F22DD-4A28-46F9-9C83-A39E6333C6A0}.Release|x64.Build.0 = Release|x64
		{8D7F22DD-4A28-46F9-9C83-A39E6333C6A0}.Release|x86.ActiveCfg = Release|Win32
		{8D7F22DD-4A28-46F9-9C83-A39E6333C6A0}.Release|x86.Build.0 = Release|Win32
	EndGlobalSection
	GlobalSection(SolutionProperties) = preSolution
		HideSolutionNode = FALSE
	EndGlobalSection
	GlobalSection(ExtensibilityGlobals) = postSolution
		SolutionGuid = {249A66FD-1A24-4C94-8809-D36A24AB33ED}
	EndGlobalSection
EndGlobal
